// !$*UTF8*$!
{
	archiveVersion = 1;
	classes = {
	};
	objectVersion = 46;
	objects = {

/* Begin PBXBuildFile section */
		AC87C38615B5C8B4003645D2 /* UIKit.framework in Frameworks */ = {isa = PBXBuildFile; fileRef = AC87C38515B5C8B4003645D2 /* UIKit.framework */; };
		AC87C38815B5C8B4003645D2 /* Foundation.framework in Frameworks */ = {isa = PBXBuildFile; fileRef = AC87C38715B5C8B4003645D2 /* Foundation.framework */; };
		AC87C38A15B5C8B4003645D2 /* CoreGraphics.framework in Frameworks */ = {isa = PBXBuildFile; fileRef = AC87C38915B5C8B4003645D2 /* CoreGraphics.framework */; };
		AC87C39015B5C8B4003645D2 /* InfoPlist.strings in Resources */ = {isa = PBXBuildFile; fileRef = AC87C38E15B5C8B4003645D2 /* InfoPlist.strings */; };
		AC87C39215B5C8B4003645D2 /* main.m in Sources */ = {isa = PBXBuildFile; fileRef = AC87C39115B5C8B4003645D2 /* main.m */; };
		AC87C39D15B5C8BF003645D2 /* MapKit.framework in Frameworks */ = {isa = PBXBuildFile; fileRef = AC87C39C15B5C8BF003645D2 /* MapKit.framework */; };
		AC87C3A415B5C8D8003645D2 /* TAAppDelegate.m in Sources */ = {isa = PBXBuildFile; fileRef = AC87C39F15B5C8D8003645D2 /* TAAppDelegate.m */; };
		AC87C3A515B5C8D8003645D2 /* TAContainerViewController.m in Sources */ = {isa = PBXBuildFile; fileRef = AC87C3A115B5C8D8003645D2 /* TAContainerViewController.m */; };
		AC87C3A615B5C8D8003645D2 /* TAContentViewController.m in Sources */ = {isa = PBXBuildFile; fileRef = AC87C3A315B5C8D8003645D2 /* TAContentViewController.m */; };
		AC87C3AD15B5C8DF003645D2 /* TAUnderCurlViewController.m in Sources */ = {isa = PBXBuildFile; fileRef = AC87C3A815B5C8DF003645D2 /* TAUnderCurlViewController.m */; };
		AC87C3AE15B5C8DF003645D2 /* UIButtonBarPageCurlBlackOpaque.png in Resources */ = {isa = PBXBuildFile; fileRef = AC87C3A915B5C8DF003645D2 /* UIButtonBarPageCurlBlackOpaque.png */; };
		AC87C3AF15B5C8DF003645D2 /* UIButtonBarPageCurlBlackOpaque@2x.png in Resources */ = {isa = PBXBuildFile; fileRef = AC87C3AA15B5C8DF003645D2 /* UIButtonBarPageCurlBlackOpaque@2x.png */; };
		AC87C3B015B5C8DF003645D2 /* UIButtonBarPageCurlSelected.png in Resources */ = {isa = PBXBuildFile; fileRef = AC87C3AB15B5C8DF003645D2 /* UIButtonBarPageCurlSelected.png */; };
		AC87C3B115B5C8DF003645D2 /* UIButtonBarPageCurlSelected@2x.png in Resources */ = {isa = PBXBuildFile; fileRef = AC87C3AC15B5C8DF003645D2 /* UIButtonBarPageCurlSelected@2x.png */; };
		DB29824D1647CD77000CA3E6 /* TAContainerViewController.xib in Resources */ = {isa = PBXBuildFile; fileRef = DB29824C1647CD77000CA3E6 /* TAContainerViewController.xib */; };
/* End PBXBuildFile section */

/* Begin PBXFileReference section */
		AC87C38115B5C8B4003645D2 /* TAPageCurlDemo.app */ = {isa = PBXFileReference; explicitFileType = wrapper.application; includeInIndex = 0; path = TAPageCurlDemo.app; sourceTree = BUILT_PRODUCTS_DIR; };
		AC87C38515B5C8B4003645D2 /* UIKit.framework */ = {isa = PBXFileReference; lastKnownFileType = wrapper.framework; name = UIKit.framework; path = System/Library/Frameworks/UIKit.framework; sourceTree = SDKROOT; };
		AC87C38715B5C8B4003645D2 /* Foundation.framework */ = {isa = PBXFileReference; lastKnownFileType = wrapper.framework; name = Foundation.framework; path = System/Library/Frameworks/Foundation.framework; sourceTree = SDKROOT; };
		AC87C38915B5C8B4003645D2 /* CoreGraphics.framework */ = {isa = PBXFileReference; lastKnownFileType = wrapper.framework; name = CoreGraphics.framework; path = System/Library/Frameworks/CoreGraphics.framework; sourceTree = SDKROOT; };
		AC87C38D15B5C8B4003645D2 /* TAPageCurlDemo-Info.plist */ = {isa = PBXFileReference; lastKnownFileType = text.plist.xml; path = "TAPageCurlDemo-Info.plist"; sourceTree = "<group>"; };
		AC87C38F15B5C8B4003645D2 /* en */ = {isa = PBXFileReference; lastKnownFileType = text.plist.strings; name = en; path = en.lproj/InfoPlist.strings; sourceTree = "<group>"; };
		AC87C39115B5C8B4003645D2 /* main.m */ = {isa = PBXFileReference; lastKnownFileType = sourcecode.c.objc; path = main.m; sourceTree = "<group>"; };
		AC87C39315B5C8B4003645D2 /* TAPageCurlDemo-Prefix.pch */ = {isa = PBXFileReference; lastKnownFileType = sourcecode.c.h; path = "TAPageCurlDemo-Prefix.pch"; sourceTree = "<group>"; };
		AC87C39C15B5C8BF003645D2 /* MapKit.framework */ = {isa = PBXFileReference; lastKnownFileType = wrapper.framework; name = MapKit.framework; path = System/Library/Frameworks/MapKit.framework; sourceTree = SDKROOT; };
		AC87C39E15B5C8D8003645D2 /* TAAppDelegate.h */ = {isa = PBXFileReference; fileEncoding = 4; lastKnownFileType = sourcecode.c.h; path = TAAppDelegate.h; sourceTree = "<group>"; };
		AC87C39F15B5C8D8003645D2 /* TAAppDelegate.m */ = {isa = PBXFileReference; fileEncoding = 4; lastKnownFileType = sourcecode.c.objc; path = TAAppDelegate.m; sourceTree = "<group>"; };
		AC87C3A015B5C8D8003645D2 /* TAContainerViewController.h */ = {isa = PBXFileReference; fileEncoding = 4; lastKnownFileType = sourcecode.c.h; path = TAContainerViewController.h; sourceTree = "<group>"; };
		AC87C3A115B5C8D8003645D2 /* TAContainerViewController.m */ = {isa = PBXFileReference; fileEncoding = 4; lastKnownFileType = sourcecode.c.objc; path = TAContainerViewController.m; sourceTree = "<group>"; };
		AC87C3A215B5C8D8003645D2 /* TAContentViewController.h */ = {isa = PBXFileReference; fileEncoding = 4; lastKnownFileType = sourcecode.c.h; path = TAContentViewController.h; sourceTree = "<group>"; };
		AC87C3A315B5C8D8003645D2 /* TAContentViewController.m */ = {isa = PBXFileReference; fileEncoding = 4; lastKnownFileType = sourcecode.c.objc; path = TAContentViewController.m; sourceTree = "<group>"; };
		AC87C3A715B5C8DF003645D2 /* TAUnderCurlViewController.h */ = {isa = PBXFileReference; fileEncoding = 4; lastKnownFileType = sourcecode.c.h; path = TAUnderCurlViewController.h; sourceTree = "<group>"; };
		AC87C3A815B5C8DF003645D2 /* TAUnderCurlViewController.m */ = {isa = PBXFileReference; fileEncoding = 4; lastKnownFileType = sourcecode.c.objc; path = TAUnderCurlViewController.m; sourceTree = "<group>"; };
		AC87C3A915B5C8DF003645D2 /* UIButtonBarPageCurlBlackOpaque.png */ = {isa = PBXFileReference; lastKnownFileType = image.png; path = UIButtonBarPageCurlBlackOpaque.png; sourceTree = "<group>"; };
		AC87C3AA15B5C8DF003645D2 /* UIButtonBarPageCurlBlackOpaque@2x.png */ = {isa = PBXFileReference; lastKnownFileType = image.png; path = "UIButtonBarPageCurlBlackOpaque@2x.png"; sourceTree = "<group>"; };
		AC87C3AB15B5C8DF003645D2 /* UIButtonBarPageCurlSelected.png */ = {isa = PBXFileReference; lastKnownFileType = image.png; path = UIButtonBarPageCurlSelected.png; sourceTree = "<group>"; };
		AC87C3AC15B5C8DF003645D2 /* UIButtonBarPageCurlSelected@2x.png */ = {isa = PBXFileReference; lastKnownFileType = image.png; path = "UIButtonBarPageCurlSelected@2x.png"; sourceTree = "<group>"; };
		DB29824C1647CD77000CA3E6 /* TAContainerViewController.xib */ = {isa = PBXFileReference; fileEncoding = 4; lastKnownFileType = file.xib; name = TAContainerViewController.xib; path = ../TAContainerViewController.xib; sourceTree = "<group>"; };
/* End PBXFileReference section */

/* Begin PBXFrameworksBuildPhase section */
		AC87C37E15B5C8B4003645D2 /* Frameworks */ = {
			isa = PBXFrameworksBuildPhase;
			buildActionMask = 2147483647;
			files = (
				AC87C39D15B5C8BF003645D2 /* MapKit.framework in Frameworks */,
				AC87C38615B5C8B4003645D2 /* UIKit.framework in Frameworks */,
				AC87C38815B5C8B4003645D2 /* Foundation.framework in Frameworks */,
				AC87C38A15B5C8B4003645D2 /* CoreGraphics.framework in Frameworks */,
			);
			runOnlyForDeploymentPostprocessing = 0;
		};
/* End PBXFrameworksBuildPhase section */

/* Begin PBXGroup section */
		AC87C37615B5C8B4003645D2 = {
			isa = PBXGroup;
			children = (
				AC87C38B15B5C8B4003645D2 /* TAPageCurlDemo */,
				AC87C38415B5C8B4003645D2 /* Frameworks */,
				AC87C38215B5C8B4003645D2 /* Products */,
			);
			sourceTree = "<group>";
		};
		AC87C38215B5C8B4003645D2 /* Products */ = {
			isa = PBXGroup;
			children = (
				AC87C38115B5C8B4003645D2 /* TAPageCurlDemo.app */,
			);
			name = Products;
			sourceTree = "<group>";
		};
		AC87C38415B5C8B4003645D2 /* Frameworks */ = {
			isa = PBXGroup;
			children = (
				AC87C39C15B5C8BF003645D2 /* MapKit.framework */,
				AC87C38515B5C8B4003645D2 /* UIKit.framework */,
				AC87C38715B5C8B4003645D2 /* Foundation.framework */,
				AC87C38915B5C8B4003645D2 /* CoreGraphics.framework */,
			);
			name = Frameworks;
			sourceTree = "<group>";
		};
		AC87C38B15B5C8B4003645D2 /* TAPageCurlDemo */ = {
			isa = PBXGroup;
			children = (
				AC87C39E15B5C8D8003645D2 /* TAAppDelegate.h */,
				AC87C39F15B5C8D8003645D2 /* TAAppDelegate.m */,
				AC87C3A015B5C8D8003645D2 /* TAContainerViewController.h */,
				AC87C3A115B5C8D8003645D2 /* TAContainerViewController.m */,
				AC87C3A215B5C8D8003645D2 /* TAContentViewController.h */,
				AC87C3A315B5C8D8003645D2 /* TAContentViewController.m */,
				AC87C3A715B5C8DF003645D2 /* TAUnderCurlViewController.h */,
				AC87C3A815B5C8DF003645D2 /* TAUnderCurlViewController.m */,
				AC87C3A915B5C8DF003645D2 /* UIButtonBarPageCurlBlackOpaque.png */,
				AC87C3AA15B5C8DF003645D2 /* UIButtonBarPageCurlBlackOpaque@2x.png */,
				AC87C3AB15B5C8DF003645D2 /* UIButtonBarPageCurlSelected.png */,
				AC87C3AC15B5C8DF003645D2 /* UIButtonBarPageCurlSelected@2x.png */,
				DB29824C1647CD77000CA3E6 /* TAContainerViewController.xib */,
				AC87C38C15B5C8B4003645D2 /* Supporting Files */,
			);
			path = TAPageCurlDemo;
			sourceTree = "<group>";
		};
		AC87C38C15B5C8B4003645D2 /* Supporting Files */ = {
			isa = PBXGroup;
			children = (
				AC87C38D15B5C8B4003645D2 /* TAPageCurlDemo-Info.plist */,
				AC87C38E15B5C8B4003645D2 /* InfoPlist.strings */,
				AC87C39115B5C8B4003645D2 /* main.m */,
				AC87C39315B5C8B4003645D2 /* TAPageCurlDemo-Prefix.pch */,
			);
			name = "Supporting Files";
			sourceTree = "<group>";
		};
/* End PBXGroup section */

/* Begin PBXNativeTarget section */
		AC87C38015B5C8B4003645D2 /* TAPageCurlDemo */ = {
			isa = PBXNativeTarget;
			buildConfigurationList = AC87C39915B5C8B4003645D2 /* Build configuration list for PBXNativeTarget "TAPageCurlDemo" */;
			buildPhases = (
				AC87C37D15B5C8B4003645D2 /* Sources */,
				AC87C37E15B5C8B4003645D2 /* Frameworks */,
				AC87C37F15B5C8B4003645D2 /* Resources */,
			);
			buildRules = (
			);
			dependencies = (
			);
			name = TAPageCurlDemo;
			productName = TAPageCurlDemo;
			productReference = AC87C38115B5C8B4003645D2 /* TAPageCurlDemo.app */;
			productType = "com.apple.product-type.application";
		};
/* End PBXNativeTarget section */

/* Begin PBXProject section */
		AC87C37815B5C8B4003645D2 /* Project object */ = {
			isa = PBXProject;
			attributes = {
				CLASSPREFIX = TA;
				LastUpgradeCheck = 0430;
				ORGANIZATIONNAME = "The University of Arizona";
			};
			buildConfigurationList = AC87C37B15B5C8B4003645D2 /* Build configuration list for PBXProject "TAPageCurlDemo" */;
			compatibilityVersion = "Xcode 3.2";
			developmentRegion = English;
			hasScannedForEncodings = 0;
			knownRegions = (
				en,
			);
			mainGroup = AC87C37615B5C8B4003645D2;
			productRefGroup = AC87C38215B5C8B4003645D2 /* Products */;
			projectDirPath = "";
			projectRoot = "";
			targets = (
				AC87C38015B5C8B4003645D2 /* TAPageCurlDemo */,
			);
		};
/* End PBXProject section */

/* Begin PBXResourcesBuildPhase section */
		AC87C37F15B5C8B4003645D2 /* Resources */ = {
			isa = PBXResourcesBuildPhase;
			buildActionMask = 2147483647;
			files = (
				AC87C39015B5C8B4003645D2 /* InfoPlist.strings in Resources */,
				AC87C3AE15B5C8DF003645D2 /* UIButtonBarPageCurlBlackOpaque.png in Resources */,
				AC87C3AF15B5C8DF003645D2 /* UIButtonBarPageCurlBlackOpaque@2x.png in Resources */,
				AC87C3B015B5C8DF003645D2 /* UIButtonBarPageCurlSelected.png in Resources */,
				AC87C3B115B5C8DF003645D2 /* UIButtonBarPageCurlSelected@2x.png in Resources */,
				DB29824D1647CD77000CA3E6 /* TAContainerViewController.xib in Resources */,
			);
			runOnlyForDeploymentPostprocessing = 0;
		};
/* End PBXResourcesBuildPhase section */

/* Begin PBXSourcesBuildPhase section */
		AC87C37D15B5C8B4003645D2 /* Sources */ = {
			isa = PBXSourcesBuildPhase;
			buildActionMask = 2147483647;
			files = (
				AC87C39215B5C8B4003645D2 /* main.m in Sources */,
				AC87C3A415B5C8D8003645D2 /* TAAppDelegate.m in Sources */,
				AC87C3A515B5C8D8003645D2 /* TAContainerViewController.m in Sources */,
				AC87C3A615B5C8D8003645D2 /* TAContentViewController.m in Sources */,
				AC87C3AD15B5C8DF003645D2 /* TAUnderCurlViewController.m in Sources */,
			);
			runOnlyForDeploymentPostprocessing = 0;
		};
/* End PBXSourcesBuildPhase section */

/* Begin PBXVariantGroup section */
		AC87C38E15B5C8B4003645D2 /* InfoPlist.strings */ = {
			isa = PBXVariantGroup;
			children = (
				AC87C38F15B5C8B4003645D2 /* en */,
			);
			name = InfoPlist.strings;
			sourceTree = "<group>";
		};
/* End PBXVariantGroup section */

/* Begin XCBuildConfiguration section */
		AC87C39715B5C8B4003645D2 /* Debug */ = {
			isa = XCBuildConfiguration;
			buildSettings = {
				ALWAYS_SEARCH_USER_PATHS = NO;
				ARCHS = "$(ARCHS_STANDARD_32_BIT)";
				CLANG_ENABLE_OBJC_ARC = YES;
				"CODE_SIGN_IDENTITY[sdk=iphoneos*]" = "iPhone Developer";
				COPY_PHASE_STRIP = NO;
				GCC_C_LANGUAGE_STANDARD = gnu99;
				GCC_DYNAMIC_NO_PIC = NO;
				GCC_OPTIMIZATION_LEVEL = 0;
				GCC_PREPROCESSOR_DEFINITIONS = (
					"DEBUG=1",
					"$(inherited)",
				);
				GCC_SYMBOLS_PRIVATE_EXTERN = NO;
				GCC_VERSION = com.apple.compilers.llvm.clang.1_0;
				GCC_WARN_ABOUT_RETURN_TYPE = YES;
				GCC_WARN_UNINITIALIZED_AUTOS = YES;
				GCC_WARN_UNUSED_VARIABLE = YES;
				IPHONEOS_DEPLOYMENT_TARGET = 5.1;
				SDKROOT = iphoneos;
			};
			name = Debug;
		};
		AC87C39815B5C8B4003645D2 /* Release */ = {
			isa = XCBuildConfiguration;
			buildSettings = {
				ALWAYS_SEARCH_USER_PATHS = NO;
				ARCHS = "$(ARCHS_STANDARD_32_BIT)";
				CLANG_ENABLE_OBJC_ARC = YES;
				"CODE_SIGN_IDENTITY[sdk=iphoneos*]" = "iPhone Developer";
				COPY_PHASE_STRIP = YES;
				GCC_C_LANGUAGE_STANDARD = gnu99;
				GCC_VERSION = com.apple.compilers.llvm.clang.1_0;
				GCC_WARN_ABOUT_RETURN_TYPE = YES;
				GCC_WARN_UNINITIALIZED_AUTOS = YES;
				GCC_WARN_UNUSED_VARIABLE = YES;
				IPHONEOS_DEPLOYMENT_TARGET = 5.1;
				OTHER_CFLAGS = "-DNS_BLOCK_ASSERTIONS=1";
				SDKROOT = iphoneos;
				VALIDATE_PRODUCT = YES;
			};
			name = Release;
		};
		AC87C39A15B5C8B4003645D2 /* Debug */ = {
			isa = XCBuildConfiguration;
			buildSettings = {
				GCC_PRECOMPILE_PREFIX_HEADER = YES;
				GCC_PREFIX_HEADER = "TAPageCurlDemo/TAPageCurlDemo-Prefix.pch";
				INFOPLIST_FILE = "TAPageCurlDemo/TAPageCurlDemo-Info.plist";
				PRODUCT_NAME = "$(TARGET_NAME)";
				WRAPPER_EXTENSION = app;
			};
			name = Debug;
		};
		AC87C39B15B5C8B4003645D2 /* Release */ = {
			isa = XCBuildConfiguration;
			buildSettings = {
				GCC_PRECOMPILE_PREFIX_HEADER = YES;
				GCC_PREFIX_HEADER = "TAPageCurlDemo/TAPageCurlDemo-Prefix.pch";
				INFOPLIST_FILE = "TAPageCurlDemo/TAPageCurlDemo-Info.plist";
				PRODUCT_NAME = "$(TARGET_NAME)";
				WRAPPER_EXTENSION = app;
			};
			name = Release;
		};
/* End XCBuildConfiguration section */

/* Begin XCConfigurationList section */
		AC87C37B15B5C8B4003645D2 /* Build configuration list for PBXProject "TAPageCurlDemo" */ = {
			isa = XCConfigurationList;
			buildConfigurations = (
				AC87C39715B5C8B4003645D2 /* Debug */,
				AC87C39815B5C8B4003645D2 /* Release */,
			);
			defaultConfigurationIsVisible = 0;
			defaultConfigurationName = Release;
		};
		AC87C39915B5C8B4003645D2 /* Build configuration list for PBXNativeTarget "TAPageCurlDemo" */ = {
			isa = XCConfigurationList;
			buildConfigurations = (
				AC87C39A15B5C8B4003645D2 /* Debug */,
				AC87C39B15B5C8B4003645D2 /* Release */,
			);
			defaultConfigurationIsVisible = 0;
			defaultConfigurationName = Release;
		};
/* End XCConfigurationList section */
	};
	rootObject = AC87C37815B5C8B4003645D2 /* Project object */;
}
